
Microsoft Visual Studio Solution File, Format Version 12.00
# Visual Studio Version 16
VisualStudioVersion = 16.0.30804.86
MinimumVisualStudioVersion = 10.0.40219.1
Project("{FAE04EC0-301F-11D3-BF4B-00C04F79EFBC}") = "WikiMaster", "WikiMaster.csproj", "{A7225305-8027-4B96-A055-8BB1C6B70880}"
EndProject
Global
	GlobalSection(SolutionConfigurationPlatforms) = preSolution
		Debug|Any CPU = Debug|Any CPU
		Release|Any CPU = Release|Any CPU
	EndGlobalSection
	GlobalSection(ProjectConfigurationPlatforms) = postSolution
		{A7225305-8027-4B96-A055-8BB1C6B70880}.Debug|Any CPU.ActiveCfg = Debug|Any CPU
		{A7225305-8027-4B96-A055-8BB1C6B70880}.Debug|Any CPU.Build.0 = Debug|Any CPU
		{A7225305-8027-4B96-A055-8BB1C6B70880}.Release|Any CPU.ActiveCfg = Release|Any CPU
		{A7225305-8027-4B96-A055-8BB1C6B70880}.Release|Any CPU.Build.0 = Release|Any CPU
	EndGlobalSection
	GlobalSection(SolutionProperties) = preSolution
		HideSolutionNode = FALSE
	EndGlobalSection
	GlobalSection(ExtensibilityGlobals) = postSolution
		SolutionGuid = {CF84C4BF-AE53-4631-85C3-5C5B5E935087}
	EndGlobalSection
EndGlobal
